
Microsoft Visual Studio Solution File, Format Version 12.00
Project("{FAE04EC0-301F-11D3-BF4B-00C04F79EFBC}") = "Books", "Books.csproj", "{1D29A7D6-1183-4307-94F3-E02B61F3E85F}"
EndProject
Global
	GlobalSection(SolutionConfigurationPlatforms) = preSolution
		Debug|Any CPU = Debug|Any CPU
		Release|Any CPU = Release|Any CPU
	EndGlobalSection
	GlobalSection(ProjectConfigurationPlatforms) = postSolution
		{1D29A7D6-1183-4307-94F3-E02B61F3E85F}.Debug|Any CPU.ActiveCfg = Debug|Any CPU
		{1D29A7D6-1183-4307-94F3-E02B61F3E85F}.Debug|Any CPU.Build.0 = Debug|Any CPU
		{1D29A7D6-1183-4307-94F3-E02B61F3E85F}.Release|Any CPU.ActiveCfg = Release|Any CPU
		{1D29A7D6-1183-4307-94F3-E02B61F3E85F}.Release|Any CPU.Build.0 = Release|Any CPU
	EndGlobalSection
EndGlobal
